version: 2.0
shards:
  athena-clock:
    git: https://github.com/athena-framework/clock.git
    version: 0.1.2

  athena-console:
    git: https://github.com/athena-framework/console.git
    version: 0.3.5

  build-client:
    git: https://github.com/buildio/sdk-crystal-lang.git
    version: 1.0.0+git.commit.acd7d31be2a9ba02405b8d19685e404c69543ebf

  crest:
    git: https://github.com/mamantoha/crest.git
    version: 1.3.13

  http-client-digest_auth:
    git: https://github.com/mamantoha/http-client-digest_auth.git
    version: 0.6.0

  http_proxy:
    git: https://github.com/mamantoha/http_proxy.git
    version: 0.10.3

  netrc:
    git: https://github.com/usiegj00/crystal-netrc.git
    version: 0.1.0+git.commit.668cac882b4ba9ce3c2ce3a6a92e7331d8afe9d8

  ssh2:
    git: https://github.com/spider-gazelle/ssh2.cr.git
    version: 1.6.1

  term-cursor:
    git: https://github.com/crystal-term/cursor.git
    version: 0.1.0+git.commit.8805d5f686d153db92cf2ce3333433f8ed3708d0

  term-spinner:
    git: https://github.com/crystal-term/spinner.git
    version: 0.1.0+git.commit.60350f9598335c559a8350d98fb2b9042e53290f

